// !$*UTF8*$!
{
	archiveVersion = 1;
	classes = {
	};
	objectVersion = 50;
	objects = {

/* Begin PBXBuildFile section */
		1B09AACB7A59E46C97BBAF47 /* Pods_TEST1.framework in Frameworks */ = {isa = PBXBuildFile; fileRef = D8D7E90C15B2C4F52701A9E3 /* Pods_TEST1.framework */; };
		537D43C9244AD70800080B27 /* TEST1.framework in Frameworks */ = {isa = PBXBuildFile; fileRef = 537D43BF244AD70800080B27 /* TEST1.framework */; };
		537D43CE244AD70800080B27 /* TEST1Tests.swift in Sources */ = {isa = PBXBuildFile; fileRef = 537D43CD244AD70800080B27 /* TEST1Tests.swift */; };
		537D43D0244AD70800080B27 /* TEST1.h in Headers */ = {isa = PBXBuildFile; fileRef = 537D43C2244AD70800080B27 /* TEST1.h */; settings = {ATTRIBUTES = (Public, ); }; };
		537D43DA244AD78A00080B27 /* HelloWorld.swift in Sources */ = {isa = PBXBuildFile; fileRef = 537D43D9244AD78A00080B27 /* HelloWorld.swift */; };
		537D43E2244AEF1900080B27 /* AppDelegate.swift in Sources */ = {isa = PBXBuildFile; fileRef = 537D43E1244AEF1900080B27 /* AppDelegate.swift */; };
		537D43E4244AEF1900080B27 /* ViewController.swift in Sources */ = {isa = PBXBuildFile; fileRef = 537D43E3244AEF1900080B27 /* ViewController.swift */; };
		537D43E7244AEF1900080B27 /* Main.storyboard in Resources */ = {isa = PBXBuildFile; fileRef = 537D43E5244AEF1900080B27 /* Main.storyboard */; };
		537D43E9244AEF1B00080B27 /* Assets.xcassets in Resources */ = {isa = PBXBuildFile; fileRef = 537D43E8244AEF1B00080B27 /* Assets.xcassets */; };
		537D43EC244AEF1B00080B27 /* LaunchScreen.storyboard in Resources */ = {isa = PBXBuildFile; fileRef = 537D43EA244AEF1B00080B27 /* LaunchScreen.storyboard */; };
		537D43F7244AEF1B00080B27 /* TestVCTests.swift in Sources */ = {isa = PBXBuildFile; fileRef = 537D43F6244AEF1B00080B27 /* TestVCTests.swift */; };
		537D4402244AEF1B00080B27 /* TestVCUITests.swift in Sources */ = {isa = PBXBuildFile; fileRef = 537D4401244AEF1B00080B27 /* TestVCUITests.swift */; };
		537D440E244B26FC00080B27 /* SIgninViewController.swift in Sources */ = {isa = PBXBuildFile; fileRef = 537D440D244B26FC00080B27 /* SIgninViewController.swift */; };
		537D4415244B288000080B27 /* TEST1.framework in Frameworks */ = {isa = PBXBuildFile; fileRef = 537D43BF244AD70800080B27 /* TEST1.framework */; };
		537D4416244B288000080B27 /* TEST1.framework in Embed Frameworks */ = {isa = PBXBuildFile; fileRef = 537D43BF244AD70800080B27 /* TEST1.framework */; settings = {ATTRIBUTES = (CodeSignOnCopy, RemoveHeadersOnCopy, ); }; };
		537D441B244B2A4B00080B27 /* HomeViewController.swift in Sources */ = {isa = PBXBuildFile; fileRef = 537D441A244B2A4B00080B27 /* HomeViewController.swift */; };
		537D441D244B302B00080B27 /* Storyboard.storyboard in Resources */ = {isa = PBXBuildFile; fileRef = 537D441C244B302B00080B27 /* Storyboard.storyboard */; };
/* End PBXBuildFile section */

/* Begin PBXContainerItemProxy section */
		537D43CA244AD70800080B27 /* PBXContainerItemProxy */ = {
			isa = PBXContainerItemProxy;
			containerPortal = 537D43B6244AD70800080B27 /* Project object */;
			proxyType = 1;
			remoteGlobalIDString = 537D43BE244AD70800080B27;
			remoteInfo = TEST1;
		};
		537D43F3244AEF1B00080B27 /* PBXContainerItemProxy */ = {
			isa = PBXContainerItemProxy;
			containerPortal = 537D43B6244AD70800080B27 /* Project object */;
			proxyType = 1;
			remoteGlobalIDString = 537D43DE244AEF1900080B27;
			remoteInfo = TestVC;
		};
		537D43FE244AEF1B00080B27 /* PBXContainerItemProxy */ = {
			isa = PBXContainerItemProxy;
			containerPortal = 537D43B6244AD70800080B27 /* Project object */;
			proxyType = 1;
			remoteGlobalIDString = 537D43DE244AEF1900080B27;
			remoteInfo = TestVC;
		};
		537D4417244B288000080B27 /* PBXContainerItemProxy */ = {
			isa = PBXContainerItemProxy;
			containerPortal = 537D43B6244AD70800080B27 /* Project object */;
			proxyType = 1;
			remoteGlobalIDString = 537D43BE244AD70800080B27;
			remoteInfo = TEST1;
		};
/* End PBXContainerItemProxy section */

/* Begin PBXCopyFilesBuildPhase section */
		537D4419244B288000080B27 /* Embed Frameworks */ = {
			isa = PBXCopyFilesBuildPhase;
			buildActionMask = 2147483647;
			dstPath = "";
			dstSubfolderSpec = 10;
			files = (
				537D4416244B288000080B27 /* TEST1.framework in Embed Frameworks */,
			);
			name = "Embed Frameworks";
			runOnlyForDeploymentPostprocessing = 0;
		};
/* End PBXCopyFilesBuildPhase section */

/* Begin PBXFileReference section */
		301EFE128368919F8EC07477 /* Pods-TEST1.debug.xcconfig */ = {isa = PBXFileReference; includeInIndex = 1; lastKnownFileType = text.xcconfig; name = "Pods-TEST1.debug.xcconfig"; path = "Target Support Files/Pods-TEST1/Pods-TEST1.debug.xcconfig"; sourceTree = "<group>"; };
		537D43BF244AD70800080B27 /* TEST1.framework */ = {isa = PBXFileReference; explicitFileType = wrapper.framework; includeInIndex = 0; path = TEST1.framework; sourceTree = BUILT_PRODUCTS_DIR; };
		537D43C2244AD70800080B27 /* TEST1.h */ = {isa = PBXFileReference; lastKnownFileType = sourcecode.c.h; path = TEST1.h; sourceTree = "<group>"; };
		537D43C3244AD70800080B27 /* Info.plist */ = {isa = PBXFileReference; lastKnownFileType = text.plist.xml; path = Info.plist; sourceTree = "<group>"; };
		537D43C8244AD70800080B27 /* TEST1Tests.xctest */ = {isa = PBXFileReference; explicitFileType = wrapper.cfbundle; includeInIndex = 0; path = TEST1Tests.xctest; sourceTree = BUILT_PRODUCTS_DIR; };
		537D43CD244AD70800080B27 /* TEST1Tests.swift */ = {isa = PBXFileReference; lastKnownFileType = sourcecode.swift; path = TEST1Tests.swift; sourceTree = "<group>"; };
		537D43CF244AD70800080B27 /* Info.plist */ = {isa = PBXFileReference; lastKnownFileType = text.plist.xml; path = Info.plist; sourceTree = "<group>"; };
		537D43D9244AD78A00080B27 /* HelloWorld.swift */ = {isa = PBXFileReference; lastKnownFileType = sourcecode.swift; name = HelloWorld.swift; path = ../../../../Users/gunjanraval/Desktop/TEST1/TEST1/HelloWorld.swift; sourceTree = DEVELOPER_DIR; };
		537D43DF244AEF1900080B27 /* TestVC.app */ = {isa = PBXFileReference; explicitFileType = wrapper.application; includeInIndex = 0; path = TestVC.app; sourceTree = BUILT_PRODUCTS_DIR; };
		537D43E1244AEF1900080B27 /* AppDelegate.swift */ = {isa = PBXFileReference; lastKnownFileType = sourcecode.swift; path = AppDelegate.swift; sourceTree = "<group>"; };
		537D43E3244AEF1900080B27 /* ViewController.swift */ = {isa = PBXFileReference; lastKnownFileType = sourcecode.swift; path = ViewController.swift; sourceTree = "<group>"; };
		537D43E6244AEF1900080B27 /* Base */ = {isa = PBXFileReference; lastKnownFileType = file.storyboard; name = Base; path = Base.lproj/Main.storyboard; sourceTree = "<group>"; };
		537D43E8244AEF1B00080B27 /* Assets.xcassets */ = {isa = PBXFileReference; lastKnownFileType = folder.assetcatalog; path = Assets.xcassets; sourceTree = "<group>"; };
		537D43EB244AEF1B00080B27 /* Base */ = {isa = PBXFileReference; lastKnownFileType = file.storyboard; name = Base; path = Base.lproj/LaunchScreen.storyboard; sourceTree = "<group>"; };
		537D43ED244AEF1B00080B27 /* Info.plist */ = {isa = PBXFileReference; lastKnownFileType = text.plist.xml; path = Info.plist; sourceTree = "<group>"; };
		537D43F2244AEF1B00080B27 /* TestVCTests.xctest */ = {isa = PBXFileReference; explicitFileType = wrapper.cfbundle; includeInIndex = 0; path = TestVCTests.xctest; sourceTree = BUILT_PRODUCTS_DIR; };
		537D43F6244AEF1B00080B27 /* TestVCTests.swift */ = {isa = PBXFileReference; lastKnownFileType = sourcecode.swift; path = TestVCTests.swift; sourceTree = "<group>"; };
		537D43F8244AEF1B00080B27 /* Info.plist */ = {isa = PBXFileReference; lastKnownFileType = text.plist.xml; path = Info.plist; sourceTree = "<group>"; };
		537D43FD244AEF1B00080B27 /* TestVCUITests.xctest */ = {isa = PBXFileReference; explicitFileType = wrapper.cfbundle; includeInIndex = 0; path = TestVCUITests.xctest; sourceTree = BUILT_PRODUCTS_DIR; };
		537D4401244AEF1B00080B27 /* TestVCUITests.swift */ = {isa = PBXFileReference; lastKnownFileType = sourcecode.swift; path = TestVCUITests.swift; sourceTree = "<group>"; };
		537D4403244AEF1B00080B27 /* Info.plist */ = {isa = PBXFileReference; lastKnownFileType = text.plist.xml; path = Info.plist; sourceTree = "<group>"; };
		537D440D244B26FC00080B27 /* SIgninViewController.swift */ = {isa = PBXFileReference; lastKnownFileType = sourcecode.swift; path = SIgninViewController.swift; sourceTree = "<group>"; };
		537D441A244B2A4B00080B27 /* HomeViewController.swift */ = {isa = PBXFileReference; lastKnownFileType = sourcecode.swift; path = HomeViewController.swift; sourceTree = "<group>"; };
		537D441C244B302B00080B27 /* Storyboard.storyboard */ = {isa = PBXFileReference; lastKnownFileType = file.storyboard; path = Storyboard.storyboard; sourceTree = "<group>"; };
		C6FDB63FC316395073861F60 /* Pods-TEST1.release.xcconfig */ = {isa = PBXFileReference; includeInIndex = 1; lastKnownFileType = text.xcconfig; name = "Pods-TEST1.release.xcconfig"; path = "Target Support Files/Pods-TEST1/Pods-TEST1.release.xcconfig"; sourceTree = "<group>"; };
		D8D7E90C15B2C4F52701A9E3 /* Pods_TEST1.framework */ = {isa = PBXFileReference; explicitFileType = wrapper.framework; includeInIndex = 0; path = Pods_TEST1.framework; sourceTree = BUILT_PRODUCTS_DIR; };
/* End PBXFileReference section */

/* Begin PBXFrameworksBuildPhase section */
		537D43BC244AD70800080B27 /* Frameworks */ = {
			isa = PBXFrameworksBuildPhase;
			buildActionMask = 2147483647;
			files = (
				1B09AACB7A59E46C97BBAF47 /* Pods_TEST1.framework in Frameworks */,
			);
			runOnlyForDeploymentPostprocessing = 0;
		};
		537D43C5244AD70800080B27 /* Frameworks */ = {
			isa = PBXFrameworksBuildPhase;
			buildActionMask = 2147483647;
			files = (
				537D43C9244AD70800080B27 /* TEST1.framework in Frameworks */,
			);
			runOnlyForDeploymentPostprocessing = 0;
		};
		537D43DC244AEF1900080B27 /* Frameworks */ = {
			isa = PBXFrameworksBuildPhase;
			buildActionMask = 2147483647;
			files = (
				537D4415244B288000080B27 /* TEST1.framework in Frameworks */,
			);
			runOnlyForDeploymentPostprocessing = 0;
		};
		537D43EF244AEF1B00080B27 /* Frameworks */ = {
			isa = PBXFrameworksBuildPhase;
			buildActionMask = 2147483647;
			files = (
			);
			runOnlyForDeploymentPostprocessing = 0;
		};
		537D43FA244AEF1B00080B27 /* Frameworks */ = {
			isa = PBXFrameworksBuildPhase;
			buildActionMask = 2147483647;
			files = (
			);
			runOnlyForDeploymentPostprocessing = 0;
		};
/* End PBXFrameworksBuildPhase section */

/* Begin PBXGroup section */
		330ACB8EEAAF6351C1B93EE0 /* Frameworks */ = {
			isa = PBXGroup;
			children = (
				D8D7E90C15B2C4F52701A9E3 /* Pods_TEST1.framework */,
			);
			name = Frameworks;
			sourceTree = "<group>";
		};
		537D43B5244AD70800080B27 = {
			isa = PBXGroup;
			children = (
				537D43C1244AD70800080B27 /* TEST1 */,
				537D43CC244AD70800080B27 /* TEST1Tests */,
				537D43E0244AEF1900080B27 /* TestVC */,
				537D43F5244AEF1B00080B27 /* TestVCTests */,
				537D4400244AEF1B00080B27 /* TestVCUITests */,
				537D43C0244AD70800080B27 /* Products */,
				FD180136066F0C00D4DC2183 /* Pods */,
				330ACB8EEAAF6351C1B93EE0 /* Frameworks */,
			);
			sourceTree = "<group>";
		};
		537D43C0244AD70800080B27 /* Products */ = {
			isa = PBXGroup;
			children = (
				537D43BF244AD70800080B27 /* TEST1.framework */,
				537D43C8244AD70800080B27 /* TEST1Tests.xctest */,
				537D43DF244AEF1900080B27 /* TestVC.app */,
				537D43F2244AEF1B00080B27 /* TestVCTests.xctest */,
				537D43FD244AEF1B00080B27 /* TestVCUITests.xctest */,
			);
			name = Products;
			sourceTree = "<group>";
		};
		537D43C1244AD70800080B27 /* TEST1 */ = {
			isa = PBXGroup;
			children = (
				537D43C2244AD70800080B27 /* TEST1.h */,
				537D43C3244AD70800080B27 /* Info.plist */,
				537D43D9244AD78A00080B27 /* HelloWorld.swift */,
				537D440D244B26FC00080B27 /* SIgninViewController.swift */,
				537D441C244B302B00080B27 /* Storyboard.storyboard */,
				537D441A244B2A4B00080B27 /* HomeViewController.swift */,
			);
			path = TEST1;
			sourceTree = "<group>";
		};
		537D43CC244AD70800080B27 /* TEST1Tests */ = {
			isa = PBXGroup;
			children = (
				537D43CD244AD70800080B27 /* TEST1Tests.swift */,
				537D43CF244AD70800080B27 /* Info.plist */,
			);
			path = TEST1Tests;
			sourceTree = "<group>";
		};
		537D43E0244AEF1900080B27 /* TestVC */ = {
			isa = PBXGroup;
			children = (
				537D43E1244AEF1900080B27 /* AppDelegate.swift */,
				537D43E3244AEF1900080B27 /* ViewController.swift */,
				537D43E5244AEF1900080B27 /* Main.storyboard */,
				537D43E8244AEF1B00080B27 /* Assets.xcassets */,
				537D43EA244AEF1B00080B27 /* LaunchScreen.storyboard */,
				537D43ED244AEF1B00080B27 /* Info.plist */,
			);
			path = TestVC;
			sourceTree = "<group>";
		};
		537D43F5244AEF1B00080B27 /* TestVCTests */ = {
			isa = PBXGroup;
			children = (
				537D43F6244AEF1B00080B27 /* TestVCTests.swift */,
				537D43F8244AEF1B00080B27 /* Info.plist */,
			);
			path = TestVCTests;
			sourceTree = "<group>";
		};
		537D4400244AEF1B00080B27 /* TestVCUITests */ = {
			isa = PBXGroup;
			children = (
				537D4401244AEF1B00080B27 /* TestVCUITests.swift */,
				537D4403244AEF1B00080B27 /* Info.plist */,
			);
			path = TestVCUITests;
			sourceTree = "<group>";
		};
		FD180136066F0C00D4DC2183 /* Pods */ = {
			isa = PBXGroup;
			children = (
				301EFE128368919F8EC07477 /* Pods-TEST1.debug.xcconfig */,
				C6FDB63FC316395073861F60 /* Pods-TEST1.release.xcconfig */,
			);
			path = Pods;
			sourceTree = "<group>";
		};
/* End PBXGroup section */

/* Begin PBXHeadersBuildPhase section */
		537D43BA244AD70800080B27 /* Headers */ = {
			isa = PBXHeadersBuildPhase;
			buildActionMask = 2147483647;
			files = (
				537D43D0244AD70800080B27 /* TEST1.h in Headers */,
			);
			runOnlyForDeploymentPostprocessing = 0;
		};
/* End PBXHeadersBuildPhase section */

/* Begin PBXNativeTarget section */
		537D43BE244AD70800080B27 /* TEST1 */ = {
			isa = PBXNativeTarget;
			buildConfigurationList = 537D43D3244AD70800080B27 /* Build configuration list for PBXNativeTarget "TEST1" */;
			buildPhases = (
				FA89C2557B0D6BB827F6E46E /* [CP] Check Pods Manifest.lock */,
				537D43BA244AD70800080B27 /* Headers */,
				537D43BB244AD70800080B27 /* Sources */,
				537D43BC244AD70800080B27 /* Frameworks */,
				537D43BD244AD70800080B27 /* Resources */,
			);
			buildRules = (
			);
			dependencies = (
			);
			name = TEST1;
			productName = TEST1;
			productReference = 537D43BF244AD70800080B27 /* TEST1.framework */;
			productType = "com.apple.product-type.framework";
		};
		537D43C7244AD70800080B27 /* TEST1Tests */ = {
			isa = PBXNativeTarget;
			buildConfigurationList = 537D43D6244AD70800080B27 /* Build configuration list for PBXNativeTarget "TEST1Tests" */;
			buildPhases = (
				537D43C4244AD70800080B27 /* Sources */,
				537D43C5244AD70800080B27 /* Frameworks */,
				537D43C6244AD70800080B27 /* Resources */,
			);
			buildRules = (
			);
			dependencies = (
				537D43CB244AD70800080B27 /* PBXTargetDependency */,
			);
			name = TEST1Tests;
			productName = TEST1Tests;
			productReference = 537D43C8244AD70800080B27 /* TEST1Tests.xctest */;
			productType = "com.apple.product-type.bundle.unit-test";
		};
		537D43DE244AEF1900080B27 /* TestVC */ = {
			isa = PBXNativeTarget;
			buildConfigurationList = 537D4404244AEF1B00080B27 /* Build configuration list for PBXNativeTarget "TestVC" */;
			buildPhases = (
				537D43DB244AEF1900080B27 /* Sources */,
				537D43DC244AEF1900080B27 /* Frameworks */,
				537D43DD244AEF1900080B27 /* Resources */,
				537D4419244B288000080B27 /* Embed Frameworks */,
			);
			buildRules = (
			);
			dependencies = (
				537D4418244B288000080B27 /* PBXTargetDependency */,
			);
			name = TestVC;
			productName = TestVC;
			productReference = 537D43DF244AEF1900080B27 /* TestVC.app */;
			productType = "com.apple.product-type.application";
		};
		537D43F1244AEF1B00080B27 /* TestVCTests */ = {
			isa = PBXNativeTarget;
			buildConfigurationList = 537D4407244AEF1B00080B27 /* Build configuration list for PBXNativeTarget "TestVCTests" */;
			buildPhases = (
				537D43EE244AEF1B00080B27 /* Sources */,
				537D43EF244AEF1B00080B27 /* Frameworks */,
				537D43F0244AEF1B00080B27 /* Resources */,
			);
			buildRules = (
			);
			dependencies = (
				537D43F4244AEF1B00080B27 /* PBXTargetDependency */,
			);
			name = TestVCTests;
			productName = TestVCTests;
			productReference = 537D43F2244AEF1B00080B27 /* TestVCTests.xctest */;
			productType = "com.apple.product-type.bundle.unit-test";
		};
		537D43FC244AEF1B00080B27 /* TestVCUITests */ = {
			isa = PBXNativeTarget;
			buildConfigurationList = 537D440A244AEF1B00080B27 /* Build configuration list for PBXNativeTarget "TestVCUITests" */;
			buildPhases = (
				537D43F9244AEF1B00080B27 /* Sources */,
				537D43FA244AEF1B00080B27 /* Frameworks */,
				537D43FB244AEF1B00080B27 /* Resources */,
			);
			buildRules = (
			);
			dependencies = (
				537D43FF244AEF1B00080B27 /* PBXTargetDependency */,
			);
			name = TestVCUITests;
			productName = TestVCUITests;
			productReference = 537D43FD244AEF1B00080B27 /* TestVCUITests.xctest */;
			productType = "com.apple.product-type.bundle.ui-testing";
		};
/* End PBXNativeTarget section */

/* Begin PBXProject section */
		537D43B6244AD70800080B27 /* Project object */ = {
			isa = PBXProject;
			attributes = {
				LastSwiftUpdateCheck = 1030;
				LastUpgradeCheck = 1030;
				ORGANIZATIONNAME = "Gunjan Raval";
				TargetAttributes = {
					537D43BE244AD70800080B27 = {
						CreatedOnToolsVersion = 10.3;
						LastSwiftMigration = 1030;
					};
					537D43C7244AD70800080B27 = {
						CreatedOnToolsVersion = 10.3;
					};
					537D43DE244AEF1900080B27 = {
						CreatedOnToolsVersion = 10.3;
					};
					537D43F1244AEF1B00080B27 = {
						CreatedOnToolsVersion = 10.3;
						TestTargetID = 537D43DE244AEF1900080B27;
					};
					537D43FC244AEF1B00080B27 = {
						CreatedOnToolsVersion = 10.3;
						TestTargetID = 537D43DE244AEF1900080B27;
					};
				};
			};
			buildConfigurationList = 537D43B9244AD70800080B27 /* Build configuration list for PBXProject "TEST1" */;
			compatibilityVersion = "Xcode 9.3";
			developmentRegion = en;
			hasScannedForEncodings = 0;
			knownRegions = (
				en,
				Base,
			);
			mainGroup = 537D43B5244AD70800080B27;
			productRefGroup = 537D43C0244AD70800080B27 /* Products */;
			projectDirPath = "";
			projectRoot = "";
			targets = (
				537D43BE244AD70800080B27 /* TEST1 */,
				537D43C7244AD70800080B27 /* TEST1Tests */,
				537D43DE244AEF1900080B27 /* TestVC */,
				537D43F1244AEF1B00080B27 /* TestVCTests */,
				537D43FC244AEF1B00080B27 /* TestVCUITests */,
			);
		};
/* End PBXProject section */

/* Begin PBXResourcesBuildPhase section */
		537D43BD244AD70800080B27 /* Resources */ = {
			isa = PBXResourcesBuildPhase;
			buildActionMask = 2147483647;
			files = (
				537D441D244B302B00080B27 /* Storyboard.storyboard in Resources */,
			);
			runOnlyForDeploymentPostprocessing = 0;
		};
		537D43C6244AD70800080B27 /* Resources */ = {
			isa = PBXResourcesBuildPhase;
			buildActionMask = 2147483647;
			files = (
			);
			runOnlyForDeploymentPostprocessing = 0;
		};
		537D43DD244AEF1900080B27 /* Resources */ = {
			isa = PBXResourcesBuildPhase;
			buildActionMask = 2147483647;
			files = (
				537D43EC244AEF1B00080B27 /* LaunchScreen.storyboard in Resources */,
				537D43E9244AEF1B00080B27 /* Assets.xcassets in Resources */,
				537D43E7244AEF1900080B27 /* Main.storyboard in Resources */,
			);
			runOnlyForDeploymentPostprocessing = 0;
		};
		537D43F0244AEF1B00080B27 /* Resources */ = {
			isa = PBXResourcesBuildPhase;
			buildActionMask = 2147483647;
			files = (
			);
			runOnlyForDeploymentPostprocessing = 0;
		};
		537D43FB244AEF1B00080B27 /* Resources */ = {
			isa = PBXResourcesBuildPhase;
			buildActionMask = 2147483647;
			files = (
			);
			runOnlyForDeploymentPostprocessing = 0;
		};
/* End PBXResourcesBuildPhase section */

/* Begin PBXShellScriptBuildPhase section */
		FA89C2557B0D6BB827F6E46E /* [CP] Check Pods Manifest.lock */ = {
			isa = PBXShellScriptBuildPhase;
			buildActionMask = 2147483647;
			files = (
			);
			inputFileListPaths = (
			);
			inputPaths = (
				"${PODS_PODFILE_DIR_PATH}/Podfile.lock",
				"${PODS_ROOT}/Manifest.lock",
			);
			name = "[CP] Check Pods Manifest.lock";
			outputFileListPaths = (
			);
			outputPaths = (
				"$(DERIVED_FILE_DIR)/Pods-TEST1-checkManifestLockResult.txt",
			);
			runOnlyForDeploymentPostprocessing = 0;
			shellPath = /bin/sh;
			shellScript = "diff \"${PODS_PODFILE_DIR_PATH}/Podfile.lock\" \"${PODS_ROOT}/Manifest.lock\" > /dev/null\nif [ $? != 0 ] ; then\n    # print error to STDERR\n    echo \"error: The sandbox is not in sync with the Podfile.lock. Run 'pod install' or update your CocoaPods installation.\" >&2\n    exit 1\nfi\n# This output is used by Xcode 'outputs' to avoid re-running this script phase.\necho \"SUCCESS\" > \"${SCRIPT_OUTPUT_FILE_0}\"\n";
			showEnvVarsInLog = 0;
		};
/* End PBXShellScriptBuildPhase section */

/* Begin PBXSourcesBuildPhase section */
		537D43BB244AD70800080B27 /* Sources */ = {
			isa = PBXSourcesBuildPhase;
			buildActionMask = 2147483647;
			files = (
				537D440E244B26FC00080B27 /* SIgninViewController.swift in Sources */,
				537D43DA244AD78A00080B27 /* HelloWorld.swift in Sources */,
				537D441B244B2A4B00080B27 /* HomeViewController.swift in Sources */,
			);
			runOnlyForDeploymentPostprocessing = 0;
		};
		537D43C4244AD70800080B27 /* Sources */ = {
			isa = PBXSourcesBuildPhase;
			buildActionMask = 2147483647;
			files = (
				537D43CE244AD70800080B27 /* TEST1Tests.swift in Sources */,
			);
			runOnlyForDeploymentPostprocessing = 0;
		};
		537D43DB244AEF1900080B27 /* Sources */ = {
			isa = PBXSourcesBuildPhase;
			buildActionMask = 2147483647;
			files = (
				537D43E4244AEF1900080B27 /* ViewController.swift in Sources */,
				537D43E2244AEF1900080B27 /* AppDelegate.swift in Sources */,
			);
			runOnlyForDeploymentPostprocessing = 0;
		};
		537D43EE244AEF1B00080B27 /* Sources */ = {
			isa = PBXSourcesBuildPhase;
			buildActionMask = 2147483647;
			files = (
				537D43F7244AEF1B00080B27 /* TestVCTests.swift in Sources */,
			);
			runOnlyForDeploymentPostprocessing = 0;
		};
		537D43F9244AEF1B00080B27 /* Sources */ = {
			isa = PBXSourcesBuildPhase;
			buildActionMask = 2147483647;
			files = (
				537D4402244AEF1B00080B27 /* TestVCUITests.swift in Sources */,
			);
			runOnlyForDeploymentPostprocessing = 0;
		};
/* End PBXSourcesBuildPhase section */

/* Begin PBXTargetDependency section */
		537D43CB244AD70800080B27 /* PBXTargetDependency */ = {
			isa = PBXTargetDependency;
			target = 537D43BE244AD70800080B27 /* TEST1 */;
			targetProxy = 537D43CA244AD70800080B27 /* PBXContainerItemProxy */;
		};
		537D43F4244AEF1B00080B27 /* PBXTargetDependency */ = {
			isa = PBXTargetDependency;
			target = 537D43DE244AEF1900080B27 /* TestVC */;
			targetProxy = 537D43F3244AEF1B00080B27 /* PBXContainerItemProxy */;
		};
		537D43FF244AEF1B00080B27 /* PBXTargetDependency */ = {
			isa = PBXTargetDependency;
			target = 537D43DE244AEF1900080B27 /* TestVC */;
			targetProxy = 537D43FE244AEF1B00080B27 /* PBXContainerItemProxy */;
		};
		537D4418244B288000080B27 /* PBXTargetDependency */ = {
			isa = PBXTargetDependency;
			target = 537D43BE244AD70800080B27 /* TEST1 */;
			targetProxy = 537D4417244B288000080B27 /* PBXContainerItemProxy */;
		};
/* End PBXTargetDependency section */

/* Begin PBXVariantGroup section */
		537D43E5244AEF1900080B27 /* Main.storyboard */ = {
			isa = PBXVariantGroup;
			children = (
				537D43E6244AEF1900080B27 /* Base */,
			);
			name = Main.storyboard;
			sourceTree = "<group>";
		};
		537D43EA244AEF1B00080B27 /* LaunchScreen.storyboard */ = {
			isa = PBXVariantGroup;
			children = (
				537D43EB244AEF1B00080B27 /* Base */,
			);
			name = LaunchScreen.storyboard;
			sourceTree = "<group>";
		};
/* End PBXVariantGroup section */

/* Begin XCBuildConfiguration section */
		537D43D1244AD70800080B27 /* Debug */ = {
			isa = XCBuildConfiguration;
			buildSettings = {
				ALWAYS_SEARCH_USER_PATHS = NO;
				CLANG_ANALYZER_NONNULL = YES;
				CLANG_ANALYZER_NUMBER_OBJECT_CONVERSION = YES_AGGRESSIVE;
				CLANG_CXX_LANGUAGE_STANDARD = "gnu++14";
				CLANG_CXX_LIBRARY = "libc++";
				CLANG_ENABLE_MODULES = YES;
				CLANG_ENABLE_OBJC_ARC = YES;
				CLANG_ENABLE_OBJC_WEAK = YES;
				CLANG_WARN_BLOCK_CAPTURE_AUTORELEASING = YES;
				CLANG_WARN_BOOL_CONVERSION = YES;
				CLANG_WARN_COMMA = YES;
				CLANG_WARN_CONSTANT_CONVERSION = YES;
				CLANG_WARN_DEPRECATED_OBJC_IMPLEMENTATIONS = YES;
				CLANG_WARN_DIRECT_OBJC_ISA_USAGE = YES_ERROR;
				CLANG_WARN_DOCUMENTATION_COMMENTS = YES;
				CLANG_WARN_EMPTY_BODY = YES;
				CLANG_WARN_ENUM_CONVERSION = YES;
				CLANG_WARN_INFINITE_RECURSION = YES;
				CLANG_WARN_INT_CONVERSION = YES;
				CLANG_WARN_NON_LITERAL_NULL_CONVERSION = YES;
				CLANG_WARN_OBJC_IMPLICIT_RETAIN_SELF = YES;
				CLANG_WARN_OBJC_LITERAL_CONVERSION = YES;
				CLANG_WARN_OBJC_ROOT_CLASS = YES_ERROR;
				CLANG_WARN_RANGE_LOOP_ANALYSIS = YES;
				CLANG_WARN_STRICT_PROTOTYPES = YES;
				CLANG_WARN_SUSPICIOUS_MOVE = YES;
				CLANG_WARN_UNGUARDED_AVAILABILITY = YES_AGGRESSIVE;
				CLANG_WARN_UNREACHABLE_CODE = YES;
				CLANG_WARN__DUPLICATE_METHOD_MATCH = YES;
				CODE_SIGN_IDENTITY = "iPhone Developer";
				COPY_PHASE_STRIP = NO;
				CURRENT_PROJECT_VERSION = 1;
				DEBUG_INFORMATION_FORMAT = dwarf;
				ENABLE_STRICT_OBJC_MSGSEND = YES;
				ENABLE_TESTABILITY = YES;
				GCC_C_LANGUAGE_STANDARD = gnu11;
				GCC_DYNAMIC_NO_PIC = NO;
				GCC_NO_COMMON_BLOCKS = YES;
				GCC_OPTIMIZATION_LEVEL = 0;
				GCC_PREPROCESSOR_DEFINITIONS = (
					"DEBUG=1",
					"$(inherited)",
				);
				GCC_WARN_64_TO_32_BIT_CONVERSION = YES;
				GCC_WARN_ABOUT_RETURN_TYPE = YES_ERROR;
				GCC_WARN_UNDECLARED_SELECTOR = YES;
				GCC_WARN_UNINITIALIZED_AUTOS = YES_AGGRESSIVE;
				GCC_WARN_UNUSED_FUNCTION = YES;
				GCC_WARN_UNUSED_VARIABLE = YES;
				IPHONEOS_DEPLOYMENT_TARGET = 12.4;
				MTL_ENABLE_DEBUG_INFO = INCLUDE_SOURCE;
				MTL_FAST_MATH = YES;
				ONLY_ACTIVE_ARCH = YES;
				SDKROOT = iphoneos;
				SWIFT_ACTIVE_COMPILATION_CONDITIONS = DEBUG;
				SWIFT_OPTIMIZATION_LEVEL = "-Onone";
				VERSIONING_SYSTEM = "apple-generic";
				VERSION_INFO_PREFIX = "";
			};
			name = Debug;
		};
		537D43D2244AD70800080B27 /* Release */ = {
			isa = XCBuildConfiguration;
			buildSettings = {
				ALWAYS_SEARCH_USER_PATHS = NO;
				CLANG_ANALYZER_NONNULL = YES;
				CLANG_ANALYZER_NUMBER_OBJECT_CONVERSION = YES_AGGRESSIVE;
				CLANG_CXX_LANGUAGE_STANDARD = "gnu++14";
				CLANG_CXX_LIBRARY = "libc++";
				CLANG_ENABLE_MODULES = YES;
				CLANG_ENABLE_OBJC_ARC = YES;
				CLANG_ENABLE_OBJC_WEAK = YES;
				CLANG_WARN_BLOCK_CAPTURE_AUTORELEASING = YES;
				CLANG_WARN_BOOL_CONVERSION = YES;
				CLANG_WARN_COMMA = YES;
				CLANG_WARN_CONSTANT_CONVERSION = YES;
				CLANG_WARN_DEPRECATED_OBJC_IMPLEMENTATIONS = YES;
				CLANG_WARN_DIRECT_OBJC_ISA_USAGE = YES_ERROR;
				CLANG_WARN_DOCUMENTATION_COMMENTS = YES;
				CLANG_WARN_EMPTY_BODY = YES;
				CLANG_WARN_ENUM_CONVERSION = YES;
				CLANG_WARN_INFINITE_RECURSION = YES;
				CLANG_WARN_INT_CONVERSION = YES;
				CLANG_WARN_NON_LITERAL_NULL_CONVERSION = YES;
				CLANG_WARN_OBJC_IMPLICIT_RETAIN_SELF = YES;
				CLANG_WARN_OBJC_LITERAL_CONVERSION = YES;
				CLANG_WARN_OBJC_ROOT_CLASS = YES_ERROR;
				CLANG_WARN_RANGE_LOOP_ANALYSIS = YES;
				CLANG_WARN_STRICT_PROTOTYPES = YES;
				CLANG_WARN_SUSPICIOUS_MOVE = YES;
				CLANG_WARN_UNGUARDED_AVAILABILITY = YES_AGGRESSIVE;
				CLANG_WARN_UNREACHABLE_CODE = YES;
				CLANG_WARN__DUPLICATE_METHOD_MATCH = YES;
				CODE_SIGN_IDENTITY = "iPhone Developer";
				COPY_PHASE_STRIP = NO;
				CURRENT_PROJECT_VERSION = 1;
				DEBUG_INFORMATION_FORMAT = "dwarf-with-dsym";
				ENABLE_NS_ASSERTIONS = NO;
				ENABLE_STRICT_OBJC_MSGSEND = YES;
				GCC_C_LANGUAGE_STANDARD = gnu11;
				GCC_NO_COMMON_BLOCKS = YES;
				GCC_WARN_64_TO_32_BIT_CONVERSION = YES;
				GCC_WARN_ABOUT_RETURN_TYPE = YES_ERROR;
				GCC_WARN_UNDECLARED_SELECTOR = YES;
				GCC_WARN_UNINITIALIZED_AUTOS = YES_AGGRESSIVE;
				GCC_WARN_UNUSED_FUNCTION = YES;
				GCC_WARN_UNUSED_VARIABLE = YES;
				IPHONEOS_DEPLOYMENT_TARGET = 12.4;
				MTL_ENABLE_DEBUG_INFO = NO;
				MTL_FAST_MATH = YES;
				SDKROOT = iphoneos;
				SWIFT_COMPILATION_MODE = wholemodule;
				SWIFT_OPTIMIZATION_LEVEL = "-O";
				VALIDATE_PRODUCT = YES;
				VERSIONING_SYSTEM = "apple-generic";
				VERSION_INFO_PREFIX = "";
			};
			name = Release;
		};
		537D43D4244AD70800080B27 /* Debug */ = {
			isa = XCBuildConfiguration;
			baseConfigurationReference = 301EFE128368919F8EC07477 /* Pods-TEST1.debug.xcconfig */;
			buildSettings = {
				CLANG_ENABLE_MODULES = YES;
				CODE_SIGN_IDENTITY = "";
				CODE_SIGN_STYLE = Automatic;
				DEFINES_MODULE = YES;
				DEVELOPMENT_TEAM = SG3KCU48ZD;
				DYLIB_COMPATIBILITY_VERSION = 1;
				DYLIB_CURRENT_VERSION = 1;
				DYLIB_INSTALL_NAME_BASE = "@rpath";
				INFOPLIST_FILE = TEST1/Info.plist;
				INSTALL_PATH = "$(LOCAL_LIBRARY_DIR)/Frameworks";
				LD_RUNPATH_SEARCH_PATHS = (
					"$(inherited)",
					"@executable_path/Frameworks",
					"@loader_path/Frameworks",
				);
				PRODUCT_BUNDLE_IDENTIFIER = Nascent.TEST1;
				PRODUCT_NAME = "$(TARGET_NAME:c99extidentifier)";
				SKIP_INSTALL = YES;
				SWIFT_OPTIMIZATION_LEVEL = "-Onone";
				SWIFT_VERSION = 5.0;
				TARGETED_DEVICE_FAMILY = "1,2";
			};
			name = Debug;
		};
		537D43D5244AD70800080B27 /* Release */ = {
			isa = XCBuildConfiguration;
			baseConfigurationReference = C6FDB63FC316395073861F60 /* Pods-TEST1.release.xcconfig */;
			buildSettings = {
				CLANG_ENABLE_MODULES = YES;
				CODE_SIGN_IDENTITY = "";
				CODE_SIGN_STYLE = Automatic;
				DEFINES_MODULE = YES;
				DEVELOPMENT_TEAM = SG3KCU48ZD;
				DYLIB_COMPATIBILITY_VERSION = 1;
				DYLIB_CURRENT_VERSION = 1;
				DYLIB_INSTALL_NAME_BASE = "@rpath";
				INFOPLIST_FILE = TEST1/Info.plist;
				INSTALL_PATH = "$(LOCAL_LIBRARY_DIR)/Frameworks";
				LD_RUNPATH_SEARCH_PATHS = (
					"$(inherited)",
					"@executable_path/Frameworks",
					"@loader_path/Frameworks",
				);
				PRODUCT_BUNDLE_IDENTIFIER = Nascent.TEST1;
				PRODUCT_NAME = "$(TARGET_NAME:c99extidentifier)";
				SKIP_INSTALL = YES;
				SWIFT_VERSION = 5.0;
				TARGETED_DEVICE_FAMILY = "1,2";
			};
			name = Release;
		};
		537D43D7244AD70800080B27 /* Debug */ = {
			isa = XCBuildConfiguration;
			buildSettings = {
				ALWAYS_EMBED_SWIFT_STANDARD_LIBRARIES = YES;
				CODE_SIGN_STYLE = Automatic;
				DEVELOPMENT_TEAM = SG3KCU48ZD;
				INFOPLIST_FILE = TEST1Tests/Info.plist;
				LD_RUNPATH_SEARCH_PATHS = (
					"$(inherited)",
					"@executable_path/Frameworks",
					"@loader_path/Frameworks",
				);
				PRODUCT_BUNDLE_IDENTIFIER = Nascent.TEST1Tests;
				PRODUCT_NAME = "$(TARGET_NAME)";
				SWIFT_VERSION = 5.0;
				TARGETED_DEVICE_FAMILY = "1,2";
			};
			name = Debug;
		};
		537D43D8244AD70800080B27 /* Release */ = {
			isa = XCBuildConfiguration;
			buildSettings = {
				ALWAYS_EMBED_SWIFT_STANDARD_LIBRARIES = YES;
				CODE_SIGN_STYLE = Automatic;
				DEVELOPMENT_TEAM = SG3KCU48ZD;
				INFOPLIST_FILE = TEST1Tests/Info.plist;
				LD_RUNPATH_SEARCH_PATHS = (
					"$(inherited)",
					"@executable_path/Frameworks",
					"@loader_path/Frameworks",
				);
				PRODUCT_BUNDLE_IDENTIFIER = Nascent.TEST1Tests;
				PRODUCT_NAME = "$(TARGET_NAME)";
				SWIFT_VERSION = 5.0;
				TARGETED_DEVICE_FAMILY = "1,2";
			};
			name = Release;
		};
		537D4405244AEF1B00080B27 /* Debug */ = {
			isa = XCBuildConfiguration;
			buildSettings = {
				ALWAYS_EMBED_SWIFT_STANDARD_LIBRARIES = YES;
				ASSETCATALOG_COMPILER_APPICON_NAME = AppIcon;
				CODE_SIGN_STYLE = Automatic;
				DEVELOPMENT_TEAM = SG3KCU48ZD;
				INFOPLIST_FILE = TestVC/Info.plist;
				LD_RUNPATH_SEARCH_PATHS = (
					"$(inherited)",
					"@executable_path/Frameworks",
				);
				PRODUCT_BUNDLE_IDENTIFIER = Nascent.TestVC;
				PRODUCT_NAME = "$(TARGET_NAME)";
				SWIFT_VERSION = 5.0;
				TARGETED_DEVICE_FAMILY = "1,2";
			};
			name = Debug;
		};
		537D4406244AEF1B00080B27 /* Release */ = {
			isa = XCBuildConfiguration;
			buildSettings = {
				ALWAYS_EMBED_SWIFT_STANDARD_LIBRARIES = YES;
				ASSETCATALOG_COMPILER_APPICON_NAME = AppIcon;
				CODE_SIGN_STYLE = Automatic;
				DEVELOPMENT_TEAM = SG3KCU48ZD;
				INFOPLIST_FILE = TestVC/Info.plist;
				LD_RUNPATH_SEARCH_PATHS = (
					"$(inherited)",
					"@executable_path/Frameworks",
				);
				PRODUCT_BUNDLE_IDENTIFIER = Nascent.TestVC;
				PRODUCT_NAME = "$(TARGET_NAME)";
				SWIFT_VERSION = 5.0;
				TARGETED_DEVICE_FAMILY = "1,2";
			};
			name = Release;
		};
		537D4408244AEF1B00080B27 /* Debug */ = {
			isa = XCBuildConfiguration;
			buildSettings = {
				ALWAYS_EMBED_SWIFT_STANDARD_LIBRARIES = YES;
				BUNDLE_LOADER = "$(TEST_HOST)";
				CODE_SIGN_STYLE = Automatic;
				DEVELOPMENT_TEAM = SG3KCU48ZD;
				INFOPLIST_FILE = TestVCTests/Info.plist;
				LD_RUNPATH_SEARCH_PATHS = (
					"$(inherited)",
					"@executable_path/Frameworks",
					"@loader_path/Frameworks",
				);
				PRODUCT_BUNDLE_IDENTIFIER = Nascent.TestVCTests;
				PRODUCT_NAME = "$(TARGET_NAME)";
				SWIFT_VERSION = 5.0;
				TARGETED_DEVICE_FAMILY = "1,2";
				TEST_HOST = "$(BUILT_PRODUCTS_DIR)/TestVC.app/TestVC";
			};
			name = Debug;
		};
		537D4409244AEF1B00080B27 /* Release */ = {
			isa = XCBuildConfiguration;
			buildSettings = {
				ALWAYS_EMBED_SWIFT_STANDARD_LIBRARIES = YES;
				BUNDLE_LOADER = "$(TEST_HOST)";
				CODE_SIGN_STYLE = Automatic;
				DEVELOPMENT_TEAM = SG3KCU48ZD;
				INFOPLIST_FILE = TestVCTests/Info.plist;
				LD_RUNPATH_SEARCH_PATHS = (
					"$(inherited)",
					"@executable_path/Frameworks",
					"@loader_path/Frameworks",
				);
				PRODUCT_BUNDLE_IDENTIFIER = Nascent.TestVCTests;
				PRODUCT_NAME = "$(TARGET_NAME)";
				SWIFT_VERSION = 5.0;
				TARGETED_DEVICE_FAMILY = "1,2";
				TEST_HOST = "$(BUILT_PRODUCTS_DIR)/TestVC.app/TestVC";
			};
			name = Release;
		};
		537D440B244AEF1B00080B27 /* Debug */ = {
			isa = XCBuildConfiguration;
			buildSettings = {
				ALWAYS_EMBED_SWIFT_STANDARD_LIBRARIES = YES;
				CODE_SIGN_STYLE = Automatic;
				DEVELOPMENT_TEAM = SG3KCU48ZD;
				INFOPLIST_FILE = TestVCUITests/Info.plist;
				LD_RUNPATH_SEARCH_PATHS = (
					"$(inherited)",
					"@executable_path/Frameworks",
					"@loader_path/Frameworks",
				);
				PRODUCT_BUNDLE_IDENTIFIER = Nascent.TestVCUITests;
				PRODUCT_NAME = "$(TARGET_NAME)";
				SWIFT_VERSION = 5.0;
				TARGETED_DEVICE_FAMILY = "1,2";
				TEST_TARGET_NAME = TestVC;
			};
			name = Debug;
		};
		537D440C244AEF1B00080B27 /* Release */ = {
			isa = XCBuildConfiguration;
			buildSettings = {
				ALWAYS_EMBED_SWIFT_STANDARD_LIBRARIES = YES;
				CODE_SIGN_STYLE = Automatic;
				DEVELOPMENT_TEAM = SG3KCU48ZD;
				INFOPLIST_FILE = TestVCUITests/Info.plist;
				LD_RUNPATH_SEARCH_PATHS = (
					"$(inherited)",
					"@executable_path/Frameworks",
					"@loader_path/Frameworks",
				);
				PRODUCT_BUNDLE_IDENTIFIER = Nascent.TestVCUITests;
				PRODUCT_NAME = "$(TARGET_NAME)";
				SWIFT_VERSION = 5.0;
				TARGETED_DEVICE_FAMILY = "1,2";
				TEST_TARGET_NAME = TestVC;
			};
			name = Release;
		};
/* End XCBuildConfiguration section */

/* Begin XCConfigurationList section */
		537D43B9244AD70800080B27 /* Build configuration list for PBXProject "TEST1" */ = {
			isa = XCConfigurationList;
			buildConfigurations = (
				537D43D1244AD70800080B27 /* Debug */,
				537D43D2244AD70800080B27 /* Release */,
			);
			defaultConfigurationIsVisible = 0;
			defaultConfigurationName = Release;
		};
		537D43D3244AD70800080B27 /* Build configuration list for PBXNativeTarget "TEST1" */ = {
			isa = XCConfigurationList;
			buildConfigurations = (
				537D43D4244AD70800080B27 /* Debug */,
				537D43D5244AD70800080B27 /* Release */,
			);
			defaultConfigurationIsVisible = 0;
			defaultConfigurationName = Release;
		};
		537D43D6244AD70800080B27 /* Build configuration list for PBXNativeTarget "TEST1Tests" */ = {
			isa = XCConfigurationList;
			buildConfigurations = (
				537D43D7244AD70800080B27 /* Debug */,
				537D43D8244AD70800080B27 /* Release */,
			);
			defaultConfigurationIsVisible = 0;
			defaultConfigurationName = Release;
		};
		537D4404244AEF1B00080B27 /* Build configuration list for PBXNativeTarget "TestVC" */ = {
			isa = XCConfigurationList;
			buildConfigurations = (
				537D4405244AEF1B00080B27 /* Debug */,
				537D4406244AEF1B00080B27 /* Release */,
			);
			defaultConfigurationIsVisible = 0;
			defaultConfigurationName = Release;
		};
		537D4407244AEF1B00080B27 /* Build configuration list for PBXNativeTarget "TestVCTests" */ = {
			isa = XCConfigurationList;
			buildConfigurations = (
				537D4408244AEF1B00080B27 /* Debug */,
				537D4409244AEF1B00080B27 /* Release */,
			);
			defaultConfigurationIsVisible = 0;
			defaultConfigurationName = Release;
		};
		537D440A244AEF1B00080B27 /* Build configuration list for PBXNativeTarget "TestVCUITests" */ = {
			isa = XCConfigurationList;
			buildConfigurations = (
				537D440B244AEF1B00080B27 /* Debug */,
				537D440C244AEF1B00080B27 /* Release */,
			);
			defaultConfigurationIsVisible = 0;
			defaultConfigurationName = Release;
		};
/* End XCConfigurationList section */
	};
	rootObject = 537D43B6244AD70800080B27 /* Project object */;
}
